
Microsoft Visual Studio Solution File, Format Version 12.00
# Visual Studio Version 17
VisualStudioVersion = 17.6.33815.320
MinimumVisualStudioVersion = 10.0.40219.1
Project("{FAE04EC0-301F-11D3-BF4B-00C04F79EFBC}") = "Password Generator App", "Password Generator App.csproj", "{2978AFD3-2AA9-4A6F-981A-2BD385646096}"
EndProject
Global
	GlobalSection(SolutionConfigurationPlatforms) = preSolution
		Debug|Any CPU = Debug|Any CPU
		Release|Any CPU = Release|Any CPU
	EndGlobalSection
	GlobalSection(ProjectConfigurationPlatforms) = postSolution
		{2978AFD3-2AA9-4A6F-981A-2BD385646096}.Debug|Any CPU.ActiveCfg = Debug|Any CPU
		{2978AFD3-2AA9-4A6F-981A-2BD385646096}.Debug|Any CPU.Build.0 = Debug|Any CPU
		{2978AFD3-2AA9-4A6F-981A-2BD385646096}.Release|Any CPU.ActiveCfg = Release|Any CPU
		{2978AFD3-2AA9-4A6F-981A-2BD385646096}.Release|Any CPU.Build.0 = Release|Any CPU
	EndGlobalSection
	GlobalSection(SolutionProperties) = preSolution
		HideSolutionNode = FALSE
	EndGlobalSection
	GlobalSection(ExtensibilityGlobals) = postSolution
		SolutionGuid = {51C2E648-81F3-4B67-9AF0-86E0671EF0B7}
	EndGlobalSection
EndGlobal
